
Microsoft Visual Studio Solution File, Format Version 12.00
# Visual Studio Version 17
VisualStudioVersion = 17.7.34221.43
MinimumVisualStudioVersion = 10.0.40219.1
Project("{FAE04EC0-301F-11D3-BF4B-00C04F79EFBC}") = "UncafezinWeb", "UncafezinWeb\UncafezinWeb.csproj", "{880EDA7C-314A-4504-B310-AA4CAA0ECC71}"
EndProject
Global
	GlobalSection(SolutionConfigurationPlatforms) = preSolution
		Debug|Any CPU = Debug|Any CPU
		Release|Any CPU = Release|Any CPU
	EndGlobalSection
	GlobalSection(ProjectConfigurationPlatforms) = postSolution
		{880EDA7C-314A-4504-B310-AA4CAA0ECC71}.Debug|Any CPU.ActiveCfg = Debug|Any CPU
		{880EDA7C-314A-4504-B310-AA4CAA0ECC71}.Debug|Any CPU.Build.0 = Debug|Any CPU
		{880EDA7C-314A-4504-B310-AA4CAA0ECC71}.Release|Any CPU.ActiveCfg = Release|Any CPU
		{880EDA7C-314A-4504-B310-AA4CAA0ECC71}.Release|Any CPU.Build.0 = Release|Any CPU
	EndGlobalSection
	GlobalSection(SolutionProperties) = preSolution
		HideSolutionNode = FALSE
	EndGlobalSection
	GlobalSection(ExtensibilityGlobals) = postSolution
		SolutionGuid = {04E9D251-D662-4440-B488-8EDB6CF5FBC8}
	EndGlobalSection
EndGlobal
