
Microsoft Visual Studio Solution File, Format Version 12.00
# Visual Studio Version 17
VisualStudioVersion = 17.8.34309.116
MinimumVisualStudioVersion = 10.0.40219.1
Project("{00D1A9C2-B5F0-4AF3-8072-F6C62B433612}") = "UncafezinUltimateData", "UncafezinUltimateData.sqlproj", "{C7B67086-C1D3-4FD8-AA19-5E29464D30FC}"
EndProject
Project("{FAE04EC0-301F-11D3-BF4B-00C04F79EFBC}") = "CountSiteApp", "..\CountSiteApp\CountSiteApp.csproj", "{A6C8EA4C-4F93-4F37-93C0-83DAE991AB3D}"
EndProject
Global
	GlobalSection(SolutionConfigurationPlatforms) = preSolution
		Debug|Any CPU = Debug|Any CPU
		Release|Any CPU = Release|Any CPU
	EndGlobalSection
	GlobalSection(ProjectConfigurationPlatforms) = postSolution
		{C7B67086-C1D3-4FD8-AA19-5E29464D30FC}.Debug|Any CPU.ActiveCfg = Debug|Any CPU
		{C7B67086-C1D3-4FD8-AA19-5E29464D30FC}.Debug|Any CPU.Build.0 = Debug|Any CPU
		{C7B67086-C1D3-4FD8-AA19-5E29464D30FC}.Debug|Any CPU.Deploy.0 = Debug|Any CPU
		{C7B67086-C1D3-4FD8-AA19-5E29464D30FC}.Release|Any CPU.ActiveCfg = Release|Any CPU
		{C7B67086-C1D3-4FD8-AA19-5E29464D30FC}.Release|Any CPU.Build.0 = Release|Any CPU
		{C7B67086-C1D3-4FD8-AA19-5E29464D30FC}.Release|Any CPU.Deploy.0 = Release|Any CPU
		{A6C8EA4C-4F93-4F37-93C0-83DAE991AB3D}.Debug|Any CPU.ActiveCfg = Debug|Any CPU
		{A6C8EA4C-4F93-4F37-93C0-83DAE991AB3D}.Debug|Any CPU.Build.0 = Debug|Any CPU
		{A6C8EA4C-4F93-4F37-93C0-83DAE991AB3D}.Release|Any CPU.ActiveCfg = Release|Any CPU
		{A6C8EA4C-4F93-4F37-93C0-83DAE991AB3D}.Release|Any CPU.Build.0 = Release|Any CPU
	EndGlobalSection
	GlobalSection(SolutionProperties) = preSolution
		HideSolutionNode = FALSE
	EndGlobalSection
	GlobalSection(ExtensibilityGlobals) = postSolution
		SolutionGuid = {3406CAF3-68DE-4616-B4F1-624B4C029CDD}
	EndGlobalSection
EndGlobal
